
Microsoft Visual Studio Solution File, Format Version 12.00
# Visual Studio 14
VisualStudioVersion = 14.0.23107.0
MinimumVisualStudioVersion = 10.0.40219.1
Project("{FAE04EC0-301F-11D3-BF4B-00C04F79EFBC}") = "1YearProject", "1YearProject.csproj", "{F1D3A8B2-12F0-4C4D-8F4D-6CCE9FEB6408}"
EndProject
Project("{2150E333-8FDC-42A3-9474-1A3956D46DE8}") = "Solution Items", "Solution Items", "{8DEA4FA5-9260-48B3-B722-224F809CE295}"
	ProjectSection(SolutionItems) = preProject
		Builder\CursorBuilder.cs = Builder\CursorBuilder.cs
		TowerDefense\TowerShot.cs = TowerDefense\TowerShot.cs
	EndProjectSection
EndProject
Global
	GlobalSection(SolutionConfigurationPlatforms) = preSolution
		Debug|x86 = Debug|x86
		Release|x86 = Release|x86
	EndGlobalSection
	GlobalSection(ProjectConfigurationPlatforms) = postSolution
		{F1D3A8B2-12F0-4C4D-8F4D-6CCE9FEB6408}.Debug|x86.ActiveCfg = Debug|x86
		{F1D3A8B2-12F0-4C4D-8F4D-6CCE9FEB6408}.Debug|x86.Build.0 = Debug|x86
		{F1D3A8B2-12F0-4C4D-8F4D-6CCE9FEB6408}.Release|x86.ActiveCfg = Release|x86
		{F1D3A8B2-12F0-4C4D-8F4D-6CCE9FEB6408}.Release|x86.Build.0 = Release|x86
	EndGlobalSection
	GlobalSection(SolutionProperties) = preSolution
		HideSolutionNode = FALSE
	EndGlobalSection
EndGlobal
